// !$*UTF8*$!
{
	archiveVersion = 1;
	classes = {
	};
	objectVersion = 56;
	objects = {

/* Begin PBXBuildFile section */
		64EC3DDF2A23B1B3003567CC /* PixaBayCollageApp.swift in Sources */ = {isa = PBXBuildFile; fileRef = 64EC3DDE2A23B1B3003567CC /* PixaBayCollageApp.swift */; };
		64EC3DE12A23B1B3003567CC /* ContentView.swift in Sources */ = {isa = PBXBuildFile; fileRef = 64EC3DE02A23B1B3003567CC /* ContentView.swift */; };
		64EC3DE32A23B1B4003567CC /* Assets.xcassets in Resources */ = {isa = PBXBuildFile; fileRef = 64EC3DE22A23B1B4003567CC /* Assets.xcassets */; };
		64EC3DE62A23B1B4003567CC /* Preview Assets.xcassets in Resources */ = {isa = PBXBuildFile; fileRef = 64EC3DE52A23B1B4003567CC /* Preview Assets.xcassets */; };
		64EC3DF02A23B1B5003567CC /* PixaBayCollageTests.swift in Sources */ = {isa = PBXBuildFile; fileRef = 64EC3DEF2A23B1B5003567CC /* PixaBayCollageTests.swift */; };
		64EC3DFA2A23B1B5003567CC /* PixaBayCollageUITests.swift in Sources */ = {isa = PBXBuildFile; fileRef = 64EC3DF92A23B1B5003567CC /* PixaBayCollageUITests.swift */; };
		64EC3DFC2A23B1B5003567CC /* PixaBayCollageUITestsLaunchTests.swift in Sources */ = {isa = PBXBuildFile; fileRef = 64EC3DFB2A23B1B5003567CC /* PixaBayCollageUITestsLaunchTests.swift */; };
/* End PBXBuildFile section */

/* Begin PBXContainerItemProxy section */
		64EC3DEC2A23B1B5003567CC /* PBXContainerItemProxy */ = {
			isa = PBXContainerItemProxy;
			containerPortal = 64EC3DD32A23B1B3003567CC /* Project object */;
			proxyType = 1;
			remoteGlobalIDString = 64EC3DDA2A23B1B3003567CC;
			remoteInfo = PixaBayCollage;
		};
		64EC3DF62A23B1B5003567CC /* PBXContainerItemProxy */ = {
			isa = PBXContainerItemProxy;
			containerPortal = 64EC3DD32A23B1B3003567CC /* Project object */;
			proxyType = 1;
			remoteGlobalIDString = 64EC3DDA2A23B1B3003567CC;
			remoteInfo = PixaBayCollage;
		};
/* End PBXContainerItemProxy section */

/* Begin PBXFileReference section */
		64EC3DDB2A23B1B3003567CC /* PixaBayCollage.app */ = {isa = PBXFileReference; explicitFileType = wrapper.application; includeInIndex = 0; path = PixaBayCollage.app; sourceTree = BUILT_PRODUCTS_DIR; };
		64EC3DDE2A23B1B3003567CC /* PixaBayCollageApp.swift */ = {isa = PBXFileReference; lastKnownFileType = sourcecode.swift; path = PixaBayCollageApp.swift; sourceTree = "<group>"; };
		64EC3DE02A23B1B3003567CC /* ContentView.swift */ = {isa = PBXFileReference; lastKnownFileType = sourcecode.swift; path = ContentView.swift; sourceTree = "<group>"; };
		64EC3DE22A23B1B4003567CC /* Assets.xcassets */ = {isa = PBXFileReference; lastKnownFileType = folder.assetcatalog; path = Assets.xcassets; sourceTree = "<group>"; };
		64EC3DE52A23B1B4003567CC /* Preview Assets.xcassets */ = {isa = PBXFileReference; lastKnownFileType = folder.assetcatalog; path = "Preview Assets.xcassets"; sourceTree = "<group>"; };
		64EC3DEB2A23B1B5003567CC /* PixaBayCollageTests.xctest */ = {isa = PBXFileReference; explicitFileType = wrapper.cfbundle; includeInIndex = 0; path = PixaBayCollageTests.xctest; sourceTree = BUILT_PRODUCTS_DIR; };
		64EC3DEF2A23B1B5003567CC /* PixaBayCollageTests.swift */ = {isa = PBXFileReference; lastKnownFileType = sourcecode.swift; path = PixaBayCollageTests.swift; sourceTree = "<group>"; };
		64EC3DF52A23B1B5003567CC /* PixaBayCollageUITests.xctest */ = {isa = PBXFileReference; explicitFileType = wrapper.cfbundle; includeInIndex = 0; path = PixaBayCollageUITests.xctest; sourceTree = BUILT_PRODUCTS_DIR; };
		64EC3DF92A23B1B5003567CC /* PixaBayCollageUITests.swift */ = {isa = PBXFileReference; lastKnownFileType = sourcecode.swift; path = PixaBayCollageUITests.swift; sourceTree = "<group>"; };
		64EC3DFB2A23B1B5003567CC /* PixaBayCollageUITestsLaunchTests.swift */ = {isa = PBXFileReference; lastKnownFileType = sourcecode.swift; path = PixaBayCollageUITestsLaunchTests.swift; sourceTree = "<group>"; };
/* End PBXFileReference section */

/* Begin PBXFrameworksBuildPhase section */
		64EC3DD82A23B1B3003567CC /* Frameworks */ = {
			isa = PBXFrameworksBuildPhase;
			buildActionMask = 2147483647;
			files = (
			);
			runOnlyForDeploymentPostprocessing = 0;
		};
		64EC3DE82A23B1B5003567CC /* Frameworks */ = {
			isa = PBXFrameworksBuildPhase;
			buildActionMask = 2147483647;
			files = (
			);
			runOnlyForDeploymentPostprocessing = 0;
		};
		64EC3DF22A23B1B5003567CC /* Frameworks */ = {
			isa = PBXFrameworksBuildPhase;
			buildActionMask = 2147483647;
			files = (
			);
			runOnlyForDeploymentPostprocessing = 0;
		};
/* End PBXFrameworksBuildPhase section */

/* Begin PBXGroup section */
		64EC3DD22A23B1B3003567CC = {
			isa = PBXGroup;
			children = (
				64EC3DDD2A23B1B3003567CC /* PixaBayCollage */,
				64EC3DEE2A23B1B5003567CC /* PixaBayCollageTests */,
				64EC3DF82A23B1B5003567CC /* PixaBayCollageUITests */,
				64EC3DDC2A23B1B3003567CC /* Products */,
			);
			sourceTree = "<group>";
		};
		64EC3DDC2A23B1B3003567CC /* Products */ = {
			isa = PBXGroup;
			children = (
				64EC3DDB2A23B1B3003567CC /* PixaBayCollage.app */,
				64EC3DEB2A23B1B5003567CC /* PixaBayCollageTests.xctest */,
				64EC3DF52A23B1B5003567CC /* PixaBayCollageUITests.xctest */,
			);
			name = Products;
			sourceTree = "<group>";
		};
		64EC3DDD2A23B1B3003567CC /* PixaBayCollage */ = {
			isa = PBXGroup;
			children = (
				64EC3DDE2A23B1B3003567CC /* PixaBayCollageApp.swift */,
				64EC3DE02A23B1B3003567CC /* ContentView.swift */,
				64EC3DE22A23B1B4003567CC /* Assets.xcassets */,
				64EC3DE42A23B1B4003567CC /* Preview Content */,
			);
			path = PixaBayCollage;
			sourceTree = "<group>";
		};
		64EC3DE42A23B1B4003567CC /* Preview Content */ = {
			isa = PBXGroup;
			children = (
				64EC3DE52A23B1B4003567CC /* Preview Assets.xcassets */,
			);
			path = "Preview Content";
			sourceTree = "<group>";
		};
		64EC3DEE2A23B1B5003567CC /* PixaBayCollageTests */ = {
			isa = PBXGroup;
			children = (
				64EC3DEF2A23B1B5003567CC /* PixaBayCollageTests.swift */,
			);
			path = PixaBayCollageTests;
			sourceTree = "<group>";
		};
		64EC3DF82A23B1B5003567CC /* PixaBayCollageUITests */ = {
			isa = PBXGroup;
			children = (
				64EC3DF92A23B1B5003567CC /* PixaBayCollageUITests.swift */,
				64EC3DFB2A23B1B5003567CC /* PixaBayCollageUITestsLaunchTests.swift */,
			);
			path = PixaBayCollageUITests;
			sourceTree = "<group>";
		};
/* End PBXGroup section */

/* Begin PBXNativeTarget section */
		64EC3DDA2A23B1B3003567CC /* PixaBayCollage */ = {
			isa = PBXNativeTarget;
			buildConfigurationList = 64EC3DFF2A23B1B5003567CC /* Build configuration list for PBXNativeTarget "PixaBayCollage" */;
			buildPhases = (
				64EC3DD72A23B1B3003567CC /* Sources */,
				64EC3DD82A23B1B3003567CC /* Frameworks */,
				64EC3DD92A23B1B3003567CC /* Resources */,
			);
			buildRules = (
			);
			dependencies = (
			);
			name = PixaBayCollage;
			productName = PixaBayCollage;
			productReference = 64EC3DDB2A23B1B3003567CC /* PixaBayCollage.app */;
			productType = "com.apple.product-type.application";
		};
		64EC3DEA2A23B1B5003567CC /* PixaBayCollageTests */ = {
			isa = PBXNativeTarget;
			buildConfigurationList = 64EC3E022A23B1B5003567CC /* Build configuration list for PBXNativeTarget "PixaBayCollageTests" */;
			buildPhases = (
				64EC3DE72A23B1B5003567CC /* Sources */,
				64EC3DE82A23B1B5003567CC /* Frameworks */,
				64EC3DE92A23B1B5003567CC /* Resources */,
			);
			buildRules = (
			);
			dependencies = (
				64EC3DED2A23B1B5003567CC /* PBXTargetDependency */,
			);
			name = PixaBayCollageTests;
			productName = PixaBayCollageTests;
			productReference = 64EC3DEB2A23B1B5003567CC /* PixaBayCollageTests.xctest */;
			productType = "com.apple.product-type.bundle.unit-test";
		};
		64EC3DF42A23B1B5003567CC /* PixaBayCollageUITests */ = {
			isa = PBXNativeTarget;
			buildConfigurationList = 64EC3E052A23B1B5003567CC /* Build configuration list for PBXNativeTarget "PixaBayCollageUITests" */;
			buildPhases = (
				64EC3DF12A23B1B5003567CC /* Sources */,
				64EC3DF22A23B1B5003567CC /* Frameworks */,
				64EC3DF32A23B1B5003567CC /* Resources */,
			);
			buildRules = (
			);
			dependencies = (
				64EC3DF72A23B1B5003567CC /* PBXTargetDependency */,
			);
			name = PixaBayCollageUITests;
			productName = PixaBayCollageUITests;
			productReference = 64EC3DF52A23B1B5003567CC /* PixaBayCollageUITests.xctest */;
			productType = "com.apple.product-type.bundle.ui-testing";
		};
/* End PBXNativeTarget section */

/* Begin PBXProject section */
		64EC3DD32A23B1B3003567CC /* Project object */ = {
			isa = PBXProject;
			attributes = {
				BuildIndependentTargetsInParallel = 1;
				LastSwiftUpdateCheck = 1430;
				LastUpgradeCheck = 1430;
				TargetAttributes = {
					64EC3DDA2A23B1B3003567CC = {
						CreatedOnToolsVersion = 14.3;
					};
					64EC3DEA2A23B1B5003567CC = {
						CreatedOnToolsVersion = 14.3;
						TestTargetID = 64EC3DDA2A23B1B3003567CC;
					};
					64EC3DF42A23B1B5003567CC = {
						CreatedOnToolsVersion = 14.3;
						TestTargetID = 64EC3DDA2A23B1B3003567CC;
					};
				};
			};
			buildConfigurationList = 64EC3DD62A23B1B3003567CC /* Build configuration list for PBXProject "PixaBayCollage" */;
			compatibilityVersion = "Xcode 14.0";
			developmentRegion = en;
			hasScannedForEncodings = 0;
			knownRegions = (
				en,
				Base,
			);
			mainGroup = 64EC3DD22A23B1B3003567CC;
			productRefGroup = 64EC3DDC2A23B1B3003567CC /* Products */;
			projectDirPath = "";
			projectRoot = "";
			targets = (
				64EC3DDA2A23B1B3003567CC /* PixaBayCollage */,
				64EC3DEA2A23B1B5003567CC /* PixaBayCollageTests */,
				64EC3DF42A23B1B5003567CC /* PixaBayCollageUITests */,
			);
		};
/* End PBXProject section */

/* Begin PBXResourcesBuildPhase section */
		64EC3DD92A23B1B3003567CC /* Resources */ = {
			isa = PBXResourcesBuildPhase;
			buildActionMask = 2147483647;
			files = (
				64EC3DE62A23B1B4003567CC /* Preview Assets.xcassets in Resources */,
				64EC3DE32A23B1B4003567CC /* Assets.xcassets in Resources */,
			);
			runOnlyForDeploymentPostprocessing = 0;
		};
		64EC3DE92A23B1B5003567CC /* Resources */ = {
			isa = PBXResourcesBuildPhase;
			buildActionMask = 2147483647;
			files = (
			);
			runOnlyForDeploymentPostprocessing = 0;
		};
		64EC3DF32A23B1B5003567CC /* Resources */ = {
			isa = PBXResourcesBuildPhase;
			buildActionMask = 2147483647;
			files = (
			);
			runOnlyForDeploymentPostprocessing = 0;
		};
/* End PBXResourcesBuildPhase section */

/* Begin PBXSourcesBuildPhase section */
		64EC3DD72A23B1B3003567CC /* Sources */ = {
			isa = PBXSourcesBuildPhase;
			buildActionMask = 2147483647;
			files = (
				64EC3DE12A23B1B3003567CC /* ContentView.swift in Sources */,
				64EC3DDF2A23B1B3003567CC /* PixaBayCollageApp.swift in Sources */,
			);
			runOnlyForDeploymentPostprocessing = 0;
		};
		64EC3DE72A23B1B5003567CC /* Sources */ = {
			isa = PBXSourcesBuildPhase;
			buildActionMask = 2147483647;
			files = (
				64EC3DF02A23B1B5003567CC /* PixaBayCollageTests.swift in Sources */,
			);
			runOnlyForDeploymentPostprocessing = 0;
		};
		64EC3DF12A23B1B5003567CC /* Sources */ = {
			isa = PBXSourcesBuildPhase;
			buildActionMask = 2147483647;
			files = (
				64EC3DFA2A23B1B5003567CC /* PixaBayCollageUITests.swift in Sources */,
				64EC3DFC2A23B1B5003567CC /* PixaBayCollageUITestsLaunchTests.swift in Sources */,
			);
			runOnlyForDeploymentPostprocessing = 0;
		};
/* End PBXSourcesBuildPhase section */

/* Begin PBXTargetDependency section */
		64EC3DED2A23B1B5003567CC /* PBXTargetDependency */ = {
			isa = PBXTargetDependency;
			target = 64EC3DDA2A23B1B3003567CC /* PixaBayCollage */;
			targetProxy = 64EC3DEC2A23B1B5003567CC /* PBXContainerItemProxy */;
		};
		64EC3DF72A23B1B5003567CC /* PBXTargetDependency */ = {
			isa = PBXTargetDependency;
			target = 64EC3DDA2A23B1B3003567CC /* PixaBayCollage */;
			targetProxy = 64EC3DF62A23B1B5003567CC /* PBXContainerItemProxy */;
		};
/* End PBXTargetDependency section */

/* Begin XCBuildConfiguration section */
		64EC3DFD2A23B1B5003567CC /* Debug */ = {
			isa = XCBuildConfiguration;
			buildSettings = {
				ALWAYS_SEARCH_USER_PATHS = NO;
				CLANG_ANALYZER_NONNULL = YES;
				CLANG_ANALYZER_NUMBER_OBJECT_CONVERSION = YES_AGGRESSIVE;
				CLANG_CXX_LANGUAGE_STANDARD = "gnu++20";
				CLANG_ENABLE_MODULES = YES;
				CLANG_ENABLE_OBJC_ARC = YES;
				CLANG_ENABLE_OBJC_WEAK = YES;
				CLANG_WARN_BLOCK_CAPTURE_AUTORELEASING = YES;
				CLANG_WARN_BOOL_CONVERSION = YES;
				CLANG_WARN_COMMA = YES;
				CLANG_WARN_CONSTANT_CONVERSION = YES;
				CLANG_WARN_DEPRECATED_OBJC_IMPLEMENTATIONS = YES;
				CLANG_WARN_DIRECT_OBJC_ISA_USAGE = YES_ERROR;
				CLANG_WARN_DOCUMENTATION_COMMENTS = YES;
				CLANG_WARN_EMPTY_BODY = YES;
				CLANG_WARN_ENUM_CONVERSION = YES;
				CLANG_WARN_INFINITE_RECURSION = YES;
				CLANG_WARN_INT_CONVERSION = YES;
				CLANG_WARN_NON_LITERAL_NULL_CONVERSION = YES;
				CLANG_WARN_OBJC_IMPLICIT_RETAIN_SELF = YES;
				CLANG_WARN_OBJC_LITERAL_CONVERSION = YES;
				CLANG_WARN_OBJC_ROOT_CLASS = YES_ERROR;
				CLANG_WARN_QUOTED_INCLUDE_IN_FRAMEWORK_HEADER = YES;
				CLANG_WARN_RANGE_LOOP_ANALYSIS = YES;
				CLANG_WARN_STRICT_PROTOTYPES = YES;
				CLANG_WARN_SUSPICIOUS_MOVE = YES;
				CLANG_WARN_UNGUARDED_AVAILABILITY = YES_AGGRESSIVE;
				CLANG_WARN_UNREACHABLE_CODE = YES;
				CLANG_WARN__DUPLICATE_METHOD_MATCH = YES;
				COPY_PHASE_STRIP = NO;
				DEBUG_INFORMATION_FORMAT = dwarf;
				ENABLE_STRICT_OBJC_MSGSEND = YES;
				ENABLE_TESTABILITY = YES;
				GCC_C_LANGUAGE_STANDARD = gnu11;
				GCC_DYNAMIC_NO_PIC = NO;
				GCC_NO_COMMON_BLOCKS = YES;
				GCC_OPTIMIZATION_LEVEL = 0;
				GCC_PREPROCESSOR_DEFINITIONS = (
					"DEBUG=1",
					"$(inherited)",
				);
				GCC_WARN_64_TO_32_BIT_CONVERSION = YES;
				GCC_WARN_ABOUT_RETURN_TYPE = YES_ERROR;
				GCC_WARN_UNDECLARED_SELECTOR = YES;
				GCC_WARN_UNINITIALIZED_AUTOS = YES_AGGRESSIVE;
				GCC_WARN_UNUSED_FUNCTION = YES;
				GCC_WARN_UNUSED_VARIABLE = YES;
				IPHONEOS_DEPLOYMENT_TARGET = 16.4;
				MTL_ENABLE_DEBUG_INFO = INCLUDE_SOURCE;
				MTL_FAST_MATH = YES;
				ONLY_ACTIVE_ARCH = YES;
				SDKROOT = iphoneos;
				SWIFT_ACTIVE_COMPILATION_CONDITIONS = DEBUG;
				SWIFT_OPTIMIZATION_LEVEL = "-Onone";
			};
			name = Debug;
		};
		64EC3DFE2A23B1B5003567CC /* Release */ = {
			isa = XCBuildConfiguration;
			buildSettings = {
				ALWAYS_SEARCH_USER_PATHS = NO;
				CLANG_ANALYZER_NONNULL = YES;
				CLANG_ANALYZER_NUMBER_OBJECT_CONVERSION = YES_AGGRESSIVE;
				CLANG_CXX_LANGUAGE_STANDARD = "gnu++20";
				CLANG_ENABLE_MODULES = YES;
				CLANG_ENABLE_OBJC_ARC = YES;
				CLANG_ENABLE_OBJC_WEAK = YES;
				CLANG_WARN_BLOCK_CAPTURE_AUTORELEASING = YES;
				CLANG_WARN_BOOL_CONVERSION = YES;
				CLANG_WARN_COMMA = YES;
				CLANG_WARN_CONSTANT_CONVERSION = YES;
				CLANG_WARN_DEPRECATED_OBJC_IMPLEMENTATIONS = YES;
				CLANG_WARN_DIRECT_OBJC_ISA_USAGE = YES_ERROR;
				CLANG_WARN_DOCUMENTATION_COMMENTS = YES;
				CLANG_WARN_EMPTY_BODY = YES;
				CLANG_WARN_ENUM_CONVERSION = YES;
				CLANG_WARN_INFINITE_RECURSION = YES;
				CLANG_WARN_INT_CONVERSION = YES;
				CLANG_WARN_NON_LITERAL_NULL_CONVERSION = YES;
				CLANG_WARN_OBJC_IMPLICIT_RETAIN_SELF = YES;
				CLANG_WARN_OBJC_LITERAL_CONVERSION = YES;
				CLANG_WARN_OBJC_ROOT_CLASS = YES_ERROR;
				CLANG_WARN_QUOTED_INCLUDE_IN_FRAMEWORK_HEADER = YES;
				CLANG_WARN_RANGE_LOOP_ANALYSIS = YES;
				CLANG_WARN_STRICT_PROTOTYPES = YES;
				CLANG_WARN_SUSPICIOUS_MOVE = YES;
				CLANG_WARN_UNGUARDED_AVAILABILITY = YES_AGGRESSIVE;
				CLANG_WARN_UNREACHABLE_CODE = YES;
				CLANG_WARN__DUPLICATE_METHOD_MATCH = YES;
				COPY_PHASE_STRIP = NO;
				DEBUG_INFORMATION_FORMAT = "dwarf-with-dsym";
				ENABLE_NS_ASSERTIONS = NO;
				ENABLE_STRICT_OBJC_MSGSEND = YES;
				GCC_C_LANGUAGE_STANDARD = gnu11;
				GCC_NO_COMMON_BLOCKS = YES;
				GCC_WARN_64_TO_32_BIT_CONVERSION = YES;
				GCC_WARN_ABOUT_RETURN_TYPE = YES_ERROR;
				GCC_WARN_UNDECLARED_SELECTOR = YES;
				GCC_WARN_UNINITIALIZED_AUTOS = YES_AGGRESSIVE;
				GCC_WARN_UNUSED_FUNCTION = YES;
				GCC_WARN_UNUSED_VARIABLE = YES;
				IPHONEOS_DEPLOYMENT_TARGET = 16.4;
				MTL_ENABLE_DEBUG_INFO = NO;
				MTL_FAST_MATH = YES;
				SDKROOT = iphoneos;
				SWIFT_COMPILATION_MODE = wholemodule;
				SWIFT_OPTIMIZATION_LEVEL = "-O";
				VALIDATE_PRODUCT = YES;
			};
			name = Release;
		};
		64EC3E002A23B1B5003567CC /* Debug */ = {
			isa = XCBuildConfiguration;
			buildSettings = {
				ASSETCATALOG_COMPILER_APPICON_NAME = AppIcon;
				ASSETCATALOG_COMPILER_GLOBAL_ACCENT_COLOR_NAME = AccentColor;
				CODE_SIGN_STYLE = Automatic;
				CURRENT_PROJECT_VERSION = 1;
				DEVELOPMENT_ASSET_PATHS = "\"PixaBayCollage/Preview Content\"";
				DEVELOPMENT_TEAM = FHN8RU94TU;
				ENABLE_PREVIEWS = YES;
				GENERATE_INFOPLIST_FILE = YES;
				INFOPLIST_KEY_UIApplicationSceneManifest_Generation = YES;
				INFOPLIST_KEY_UIApplicationSupportsIndirectInputEvents = YES;
				INFOPLIST_KEY_UILaunchScreen_Generation = YES;
				INFOPLIST_KEY_UISupportedInterfaceOrientations_iPad = "UIInterfaceOrientationPortrait UIInterfaceOrientationPortraitUpsideDown UIInterfaceOrientationLandscapeLeft UIInterfaceOrientationLandscapeRight";
				INFOPLIST_KEY_UISupportedInterfaceOrientations_iPhone = "UIInterfaceOrientationPortrait UIInterfaceOrientationLandscapeLeft UIInterfaceOrientationLandscapeRight";
				LD_RUNPATH_SEARCH_PATHS = (
					"$(inherited)",
					"@executable_path/Frameworks",
				);
				MARKETING_VERSION = 1.0;
				PRODUCT_BUNDLE_IDENTIFIER = swiftui.elements.com.PixaBayCollage;
				PRODUCT_NAME = "$(TARGET_NAME)";
				SWIFT_EMIT_LOC_STRINGS = YES;
				SWIFT_VERSION = 5.0;
				TARGETED_DEVICE_FAMILY = "1,2";
			};
			name = Debug;
		};
		64EC3E012A23B1B5003567CC /* Release */ = {
			isa = XCBuildConfiguration;
			buildSettings = {
				ASSETCATALOG_COMPILER_APPICON_NAME = AppIcon;
				ASSETCATALOG_COMPILER_GLOBAL_ACCENT_COLOR_NAME = AccentColor;
				CODE_SIGN_STYLE = Automatic;
				CURRENT_PROJECT_VERSION = 1;
				DEVELOPMENT_ASSET_PATHS = "\"PixaBayCollage/Preview Content\"";
				DEVELOPMENT_TEAM = FHN8RU94TU;
				ENABLE_PREVIEWS = YES;
				GENERATE_INFOPLIST_FILE = YES;
				INFOPLIST_KEY_UIApplicationSceneManifest_Generation = YES;
				INFOPLIST_KEY_UIApplicationSupportsIndirectInputEvents = YES;
				INFOPLIST_KEY_UILaunchScreen_Generation = YES;
				INFOPLIST_KEY_UISupportedInterfaceOrientations_iPad = "UIInterfaceOrientationPortrait UIInterfaceOrientationPortraitUpsideDown UIInterfaceOrientationLandscapeLeft UIInterfaceOrientationLandscapeRight";
				INFOPLIST_KEY_UISupportedInterfaceOrientations_iPhone = "UIInterfaceOrientationPortrait UIInterfaceOrientationLandscapeLeft UIInterfaceOrientationLandscapeRight";
				LD_RUNPATH_SEARCH_PATHS = (
					"$(inherited)",
					"@executable_path/Frameworks",
				);
				MARKETING_VERSION = 1.0;
				PRODUCT_BUNDLE_IDENTIFIER = swiftui.elements.com.PixaBayCollage;
				PRODUCT_NAME = "$(TARGET_NAME)";
				SWIFT_EMIT_LOC_STRINGS = YES;
				SWIFT_VERSION = 5.0;
				TARGETED_DEVICE_FAMILY = "1,2";
			};
			name = Release;
		};
		64EC3E032A23B1B5003567CC /* Debug */ = {
			isa = XCBuildConfiguration;
			buildSettings = {
				ALWAYS_EMBED_SWIFT_STANDARD_LIBRARIES = YES;
				BUNDLE_LOADER = "$(TEST_HOST)";
				CODE_SIGN_STYLE = Automatic;
				CURRENT_PROJECT_VERSION = 1;
				DEVELOPMENT_TEAM = FHN8RU94TU;
				GENERATE_INFOPLIST_FILE = YES;
				IPHONEOS_DEPLOYMENT_TARGET = 16.4;
				MARKETING_VERSION = 1.0;
				PRODUCT_BUNDLE_IDENTIFIER = swiftui.elements.com.PixaBayCollageTests;
				PRODUCT_NAME = "$(TARGET_NAME)";
				SWIFT_EMIT_LOC_STRINGS = NO;
				SWIFT_VERSION = 5.0;
				TARGETED_DEVICE_FAMILY = "1,2";
				TEST_HOST = "$(BUILT_PRODUCTS_DIR)/PixaBayCollage.app/$(BUNDLE_EXECUTABLE_FOLDER_PATH)/PixaBayCollage";
			};
			name = Debug;
		};
		64EC3E042A23B1B5003567CC /* Release */ = {
			isa = XCBuildConfiguration;
			buildSettings = {
				ALWAYS_EMBED_SWIFT_STANDARD_LIBRARIES = YES;
				BUNDLE_LOADER = "$(TEST_HOST)";
				CODE_SIGN_STYLE = Automatic;
				CURRENT_PROJECT_VERSION = 1;
				DEVELOPMENT_TEAM = FHN8RU94TU;
				GENERATE_INFOPLIST_FILE = YES;
				IPHONEOS_DEPLOYMENT_TARGET = 16.4;
				MARKETING_VERSION = 1.0;
				PRODUCT_BUNDLE_IDENTIFIER = swiftui.elements.com.PixaBayCollageTests;
				PRODUCT_NAME = "$(TARGET_NAME)";
				SWIFT_EMIT_LOC_STRINGS = NO;
				SWIFT_VERSION = 5.0;
				TARGETED_DEVICE_FAMILY = "1,2";
				TEST_HOST = "$(BUILT_PRODUCTS_DIR)/PixaBayCollage.app/$(BUNDLE_EXECUTABLE_FOLDER_PATH)/PixaBayCollage";
			};
			name = Release;
		};
		64EC3E062A23B1B5003567CC /* Debug */ = {
			isa = XCBuildConfiguration;
			buildSettings = {
				ALWAYS_EMBED_SWIFT_STANDARD_LIBRARIES = YES;
				CODE_SIGN_STYLE = Automatic;
				CURRENT_PROJECT_VERSION = 1;
				DEVELOPMENT_TEAM = FHN8RU94TU;
				GENERATE_INFOPLIST_FILE = YES;
				MARKETING_VERSION = 1.0;
				PRODUCT_BUNDLE_IDENTIFIER = swiftui.elements.com.PixaBayCollageUITests;
				PRODUCT_NAME = "$(TARGET_NAME)";
				SWIFT_EMIT_LOC_STRINGS = NO;
				SWIFT_VERSION = 5.0;
				TARGETED_DEVICE_FAMILY = "1,2";
				TEST_TARGET_NAME = PixaBayCollage;
			};
			name = Debug;
		};
		64EC3E072A23B1B5003567CC /* Release */ = {
			isa = XCBuildConfiguration;
			buildSettings = {
				ALWAYS_EMBED_SWIFT_STANDARD_LIBRARIES = YES;
				CODE_SIGN_STYLE = Automatic;
				CURRENT_PROJECT_VERSION = 1;
				DEVELOPMENT_TEAM = FHN8RU94TU;
				GENERATE_INFOPLIST_FILE = YES;
				MARKETING_VERSION = 1.0;
				PRODUCT_BUNDLE_IDENTIFIER = swiftui.elements.com.PixaBayCollageUITests;
				PRODUCT_NAME = "$(TARGET_NAME)";
				SWIFT_EMIT_LOC_STRINGS = NO;
				SWIFT_VERSION = 5.0;
				TARGETED_DEVICE_FAMILY = "1,2";
				TEST_TARGET_NAME = PixaBayCollage;
			};
			name = Release;
		};
/* End XCBuildConfiguration section */

/* Begin XCConfigurationList section */
		64EC3DD62A23B1B3003567CC /* Build configuration list for PBXProject "PixaBayCollage" */ = {
			isa = XCConfigurationList;
			buildConfigurations = (
				64EC3DFD2A23B1B5003567CC /* Debug */,
				64EC3DFE2A23B1B5003567CC /* Release */,
			);
			defaultConfigurationIsVisible = 0;
			defaultConfigurationName = Release;
		};
		64EC3DFF2A23B1B5003567CC /* Build configuration list for PBXNativeTarget "PixaBayCollage" */ = {
			isa = XCConfigurationList;
			buildConfigurations = (
				64EC3E002A23B1B5003567CC /* Debug */,
				64EC3E012A23B1B5003567CC /* Release */,
			);
			defaultConfigurationIsVisible = 0;
			defaultConfigurationName = Release;
		};
		64EC3E022A23B1B5003567CC /* Build configuration list for PBXNativeTarget "PixaBayCollageTests" */ = {
			isa = XCConfigurationList;
			buildConfigurations = (
				64EC3E032A23B1B5003567CC /* Debug */,
				64EC3E042A23B1B5003567CC /* Release */,
			);
			defaultConfigurationIsVisible = 0;
			defaultConfigurationName = Release;
		};
		64EC3E052A23B1B5003567CC /* Build configuration list for PBXNativeTarget "PixaBayCollageUITests" */ = {
			isa = XCConfigurationList;
			buildConfigurations = (
				64EC3E062A23B1B5003567CC /* Debug */,
				64EC3E072A23B1B5003567CC /* Release */,
			);
			defaultConfigurationIsVisible = 0;
			defaultConfigurationName = Release;
		};
/* End XCConfigurationList section */
	};
	rootObject = 64EC3DD32A23B1B3003567CC /* Project object */;
}
